// !$*UTF8*$!
{
	archiveVersion = 1;
	classes = {
	};
	objectVersion = 46;
	objects = {

/* Begin PBXBuildFile section */
		C988343216E9194200297D2E /* UIKit.framework in Frameworks */ = {isa = PBXBuildFile; fileRef = C988343116E9194200297D2E /* UIKit.framework */; };
		C988343416E9194200297D2E /* Foundation.framework in Frameworks */ = {isa = PBXBuildFile; fileRef = C988343316E9194200297D2E /* Foundation.framework */; };
		C988343616E9194200297D2E /* CoreGraphics.framework in Frameworks */ = {isa = PBXBuildFile; fileRef = C988343516E9194200297D2E /* CoreGraphics.framework */; };
		C988343C16E9194200297D2E /* InfoPlist.strings in Resources */ = {isa = PBXBuildFile; fileRef = C988343A16E9194200297D2E /* InfoPlist.strings */; };
		C988343E16E9194200297D2E /* main.m in Sources */ = {isa = PBXBuildFile; fileRef = C988343D16E9194200297D2E /* main.m */; };
		C988344216E9194200297D2E /* AppDelegate.m in Sources */ = {isa = PBXBuildFile; fileRef = C988344116E9194200297D2E /* AppDelegate.m */; };
		C988344416E9194200297D2E /* Default.png in Resources */ = {isa = PBXBuildFile; fileRef = C988344316E9194200297D2E /* Default.png */; };
		C988344616E9194200297D2E /* Default@2x.png in Resources */ = {isa = PBXBuildFile; fileRef = C988344516E9194200297D2E /* Default@2x.png */; };
		C988344816E9194200297D2E /* Default-568h@2x.png in Resources */ = {isa = PBXBuildFile; fileRef = C988344716E9194200297D2E /* Default-568h@2x.png */; };
		C988344B16E9194200297D2E /* ViewController.m in Sources */ = {isa = PBXBuildFile; fileRef = C988344A16E9194200297D2E /* ViewController.m */; };
		C988344E16E9194200297D2E /* ViewController.xib in Resources */ = {isa = PBXBuildFile; fileRef = C988344C16E9194200297D2E /* ViewController.xib */; };
/* End PBXBuildFile section */

/* Begin PBXFileReference section */
		C988342E16E9194200297D2E /* project1.app */ = {isa = PBXFileReference; explicitFileType = wrapper.application; includeInIndex = 0; path = project1.app; sourceTree = BUILT_PRODUCTS_DIR; };
		C988343116E9194200297D2E /* UIKit.framework */ = {isa = PBXFileReference; lastKnownFileType = wrapper.framework; name = UIKit.framework; path = System/Library/Frameworks/UIKit.framework; sourceTree = SDKROOT; };
		C988343316E9194200297D2E /* Foundation.framework */ = {isa = PBXFileReference; lastKnownFileType = wrapper.framework; name = Foundation.framework; path = System/Library/Frameworks/Foundation.framework; sourceTree = SDKROOT; };
		C988343516E9194200297D2E /* CoreGraphics.framework */ = {isa = PBXFileReference; lastKnownFileType = wrapper.framework; name = CoreGraphics.framework; path = System/Library/Frameworks/CoreGraphics.framework; sourceTree = SDKROOT; };
		C988343916E9194200297D2E /* project1-Info.plist */ = {isa = PBXFileReference; lastKnownFileType = text.plist.xml; path = "project1-Info.plist"; sourceTree = "<group>"; };
		C988343B16E9194200297D2E /* en */ = {isa = PBXFileReference; lastKnownFileType = text.plist.strings; name = en; path = en.lproj/InfoPlist.strings; sourceTree = "<group>"; };
		C988343D16E9194200297D2E /* main.m */ = {isa = PBXFileReference; lastKnownFileType = sourcecode.c.objc; path = main.m; sourceTree = "<group>"; };
		C988343F16E9194200297D2E /* project1-Prefix.pch */ = {isa = PBXFileReference; lastKnownFileType = sourcecode.c.h; path = "project1-Prefix.pch"; sourceTree = "<group>"; };
		C988344016E9194200297D2E /* AppDelegate.h */ = {isa = PBXFileReference; lastKnownFileType = sourcecode.c.h; path = AppDelegate.h; sourceTree = "<group>"; };
		C988344116E9194200297D2E /* AppDelegate.m */ = {isa = PBXFileReference; lastKnownFileType = sourcecode.c.objc; path = AppDelegate.m; sourceTree = "<group>"; };
		C988344316E9194200297D2E /* Default.png */ = {isa = PBXFileReference; lastKnownFileType = image.png; path = Default.png; sourceTree = "<group>"; };
		C988344516E9194200297D2E /* Default@2x.png */ = {isa = PBXFileReference; lastKnownFileType = image.png; path = "Default@2x.png"; sourceTree = "<group>"; };
		C988344716E9194200297D2E /* Default-568h@2x.png */ = {isa = PBXFileReference; lastKnownFileType = image.png; path = "Default-568h@2x.png"; sourceTree = "<group>"; };
		C988344916E9194200297D2E /* ViewController.h */ = {isa = PBXFileReference; lastKnownFileType = sourcecode.c.h; path = ViewController.h; sourceTree = "<group>"; };
		C988344A16E9194200297D2E /* ViewController.m */ = {isa = PBXFileReference; lastKnownFileType = sourcecode.c.objc; path = ViewController.m; sourceTree = "<group>"; };
		C988344D16E9194200297D2E /* en */ = {isa = PBXFileReference; lastKnownFileType = file.xib; name = en; path = en.lproj/ViewController.xib; sourceTree = "<group>"; };
/* End PBXFileReference section */

/* Begin PBXFrameworksBuildPhase section */
		C988342B16E9194200297D2E /* Frameworks */ = {
			isa = PBXFrameworksBuildPhase;
			buildActionMask = 2147483647;
			files = (
				C988343216E9194200297D2E /* UIKit.framework in Frameworks */,
				C988343416E9194200297D2E /* Foundation.framework in Frameworks */,
				C988343616E9194200297D2E /* CoreGraphics.framework in Frameworks */,
			);
			runOnlyForDeploymentPostprocessing = 0;
		};
/* End PBXFrameworksBuildPhase section */

/* Begin PBXGroup section */
		C988342516E9194200297D2E = {
			isa = PBXGroup;
			children = (
				C988343716E9194200297D2E /* project1 */,
				C988343016E9194200297D2E /* Frameworks */,
				C988342F16E9194200297D2E /* Products */,
			);
			sourceTree = "<group>";
		};
		C988342F16E9194200297D2E /* Products */ = {
			isa = PBXGroup;
			children = (
				C988342E16E9194200297D2E /* project1.app */,
			);
			name = Products;
			sourceTree = "<group>";
		};
		C988343016E9194200297D2E /* Frameworks */ = {
			isa = PBXGroup;
			children = (
				C988343116E9194200297D2E /* UIKit.framework */,
				C988343316E9194200297D2E /* Foundation.framework */,
				C988343516E9194200297D2E /* CoreGraphics.framework */,
			);
			name = Frameworks;
			sourceTree = "<group>";
		};
		C988343716E9194200297D2E /* project1 */ = {
			isa = PBXGroup;
			children = (
				C988344016E9194200297D2E /* AppDelegate.h */,
				C988344116E9194200297D2E /* AppDelegate.m */,
				C988344916E9194200297D2E /* ViewController.h */,
				C988344A16E9194200297D2E /* ViewController.m */,
				C988344C16E9194200297D2E /* ViewController.xib */,
				C988343816E9194200297D2E /* Supporting Files */,
			);
			path = project1;
			sourceTree = "<group>";
		};
		C988343816E9194200297D2E /* Supporting Files */ = {
			isa = PBXGroup;
			children = (
				C988343916E9194200297D2E /* project1-Info.plist */,
				C988343A16E9194200297D2E /* InfoPlist.strings */,
				C988343D16E9194200297D2E /* main.m */,
				C988343F16E9194200297D2E /* project1-Prefix.pch */,
				C988344316E9194200297D2E /* Default.png */,
				C988344516E9194200297D2E /* Default@2x.png */,
				C988344716E9194200297D2E /* Default-568h@2x.png */,
			);
			name = "Supporting Files";
			sourceTree = "<group>";
		};
/* End PBXGroup section */

/* Begin PBXNativeTarget section */
		C988342D16E9194200297D2E /* project1 */ = {
			isa = PBXNativeTarget;
			buildConfigurationList = C988345116E9194200297D2E /* Build configuration list for PBXNativeTarget "project1" */;
			buildPhases = (
				C988342A16E9194200297D2E /* Sources */,
				C988342B16E9194200297D2E /* Frameworks */,
				C988342C16E9194200297D2E /* Resources */,
			);
			buildRules = (
			);
			dependencies = (
			);
			name = project1;
			productName = project1;
			productReference = C988342E16E9194200297D2E /* project1.app */;
			productType = "com.apple.product-type.application";
		};
/* End PBXNativeTarget section */

/* Begin PBXProject section */
		C988342616E9194200297D2E /* Project object */ = {
			isa = PBXProject;
			attributes = {
				LastUpgradeCheck = 0460;
				ORGANIZATIONNAME = "Michelle Pessoa";
			};
			buildConfigurationList = C988342916E9194200297D2E /* Build configuration list for PBXProject "project1" */;
			compatibilityVersion = "Xcode 3.2";
			developmentRegion = English;
			hasScannedForEncodings = 0;
			knownRegions = (
				en,
			);
			mainGroup = C988342516E9194200297D2E;
			productRefGroup = C988342F16E9194200297D2E /* Products */;
			projectDirPath = "";
			projectRoot = "";
			targets = (
				C988342D16E9194200297D2E /* project1 */,
			);
		};
/* End PBXProject section */

/* Begin PBXResourcesBuildPhase section */
		C988342C16E9194200297D2E /* Resources */ = {
			isa = PBXResourcesBuildPhase;
			buildActionMask = 2147483647;
			files = (
				C988343C16E9194200297D2E /* InfoPlist.strings in Resources */,
				C988344416E9194200297D2E /* Default.png in Resources */,
				C988344616E9194200297D2E /* Default@2x.png in Resources */,
				C988344816E9194200297D2E /* Default-568h@2x.png in Resources */,
				C988344E16E9194200297D2E /* ViewController.xib in Resources */,
			);
			runOnlyForDeploymentPostprocessing = 0;
		};
/* End PBXResourcesBuildPhase section */

/* Begin PBXSourcesBuildPhase section */
		C988342A16E9194200297D2E /* Sources */ = {
			isa = PBXSourcesBuildPhase;
			buildActionMask = 2147483647;
			files = (
				C988343E16E9194200297D2E /* main.m in Sources */,
				C988344216E9194200297D2E /* AppDelegate.m in Sources */,
				C988344B16E9194200297D2E /* ViewController.m in Sources */,
			);
			runOnlyForDeploymentPostprocessing = 0;
		};
/* End PBXSourcesBuildPhase section */

/* Begin PBXVariantGroup section */
		C988343A16E9194200297D2E /* InfoPlist.strings */ = {
			isa = PBXVariantGroup;
			children = (
				C988343B16E9194200297D2E /* en */,
			);
			name = InfoPlist.strings;
			sourceTree = "<group>";
		};
		C988344C16E9194200297D2E /* ViewController.xib */ = {
			isa = PBXVariantGroup;
			children = (
				C988344D16E9194200297D2E /* en */,
			);
			name = ViewController.xib;
			sourceTree = "<group>";
		};
/* End PBXVariantGroup section */

/* Begin XCBuildConfiguration section */
		C988344F16E9194200297D2E /* Debug */ = {
			isa = XCBuildConfiguration;
			buildSettings = {
				ALWAYS_SEARCH_USER_PATHS = NO;
				CLANG_CXX_LANGUAGE_STANDARD = "gnu++0x";
				CLANG_CXX_LIBRARY = "libc++";
				CLANG_WARN_CONSTANT_CONVERSION = YES;
				CLANG_WARN_EMPTY_BODY = YES;
				CLANG_WARN_ENUM_CONVERSION = YES;
				CLANG_WARN_INT_CONVERSION = YES;
				CLANG_WARN__DUPLICATE_METHOD_MATCH = YES;
				"CODE_SIGN_IDENTITY[sdk=iphoneos*]" = "iPhone Developer";
				COPY_PHASE_STRIP = NO;
				GCC_C_LANGUAGE_STANDARD = gnu99;
				GCC_DYNAMIC_NO_PIC = NO;
				GCC_OPTIMIZATION_LEVEL = 0;
				GCC_PREPROCESSOR_DEFINITIONS = (
					"DEBUG=1",
					"$(inherited)",
				);
				GCC_SYMBOLS_PRIVATE_EXTERN = NO;
				GCC_WARN_ABOUT_RETURN_TYPE = YES;
				GCC_WARN_UNINITIALIZED_AUTOS = YES;
				GCC_WARN_UNUSED_VARIABLE = YES;
				IPHONEOS_DEPLOYMENT_TARGET = 6.1;
				ONLY_ACTIVE_ARCH = YES;
				SDKROOT = iphoneos;
			};
			name = Debug;
		};
		C988345016E9194200297D2E /* Release */ = {
			isa = XCBuildConfiguration;
			buildSettings = {
				ALWAYS_SEARCH_USER_PATHS = NO;
				CLANG_CXX_LANGUAGE_STANDARD = "gnu++0x";
				CLANG_CXX_LIBRARY = "libc++";
				CLANG_WARN_CONSTANT_CONVERSION = YES;
				CLANG_WARN_EMPTY_BODY = YES;
				CLANG_WARN_ENUM_CONVERSION = YES;
				CLANG_WARN_INT_CONVERSION = YES;
				CLANG_WARN__DUPLICATE_METHOD_MATCH = YES;
				"CODE_SIGN_IDENTITY[sdk=iphoneos*]" = "iPhone Developer";
				COPY_PHASE_STRIP = YES;
				GCC_C_LANGUAGE_STANDARD = gnu99;
				GCC_WARN_ABOUT_RETURN_TYPE = YES;
				GCC_WARN_UNINITIALIZED_AUTOS = YES;
				GCC_WARN_UNUSED_VARIABLE = YES;
				IPHONEOS_DEPLOYMENT_TARGET = 6.1;
				OTHER_CFLAGS = "-DNS_BLOCK_ASSERTIONS=1";
				SDKROOT = iphoneos;
				VALIDATE_PRODUCT = YES;
			};
			name = Release;
		};
		C988345216E9194200297D2E /* Debug */ = {
			isa = XCBuildConfiguration;
			buildSettings = {
				GCC_PRECOMPILE_PREFIX_HEADER = YES;
				GCC_PREFIX_HEADER = "project1/project1-Prefix.pch";
				INFOPLIST_FILE = "project1/project1-Info.plist";
				PRODUCT_NAME = "$(TARGET_NAME)";
				WRAPPER_EXTENSION = app;
			};
			name = Debug;
		};
		C988345316E9194200297D2E /* Release */ = {
			isa = XCBuildConfiguration;
			buildSettings = {
				GCC_PRECOMPILE_PREFIX_HEADER = YES;
				GCC_PREFIX_HEADER = "project1/project1-Prefix.pch";
				INFOPLIST_FILE = "project1/project1-Info.plist";
				PRODUCT_NAME = "$(TARGET_NAME)";
				WRAPPER_EXTENSION = app;
			};
			name = Release;
		};
/* End XCBuildConfiguration section */

/* Begin XCConfigurationList section */
		C988342916E9194200297D2E /* Build configuration list for PBXProject "project1" */ = {
			isa = XCConfigurationList;
			buildConfigurations = (
				C988344F16E9194200297D2E /* Debug */,
				C988345016E9194200297D2E /* Release */,
			);
			defaultConfigurationIsVisible = 0;
			defaultConfigurationName = Release;
		};
		C988345116E9194200297D2E /* Build configuration list for PBXNativeTarget "project1" */ = {
			isa = XCConfigurationList;
			buildConfigurations = (
				C988345216E9194200297D2E /* Debug */,
				C988345316E9194200297D2E /* Release */,
			);
			defaultConfigurationIsVisible = 0;
		};
/* End XCConfigurationList section */
	};
	rootObject = C988342616E9194200297D2E /* Project object */;
}
